{
  "name": "nodejs_experiments",
  "version": "1.0.0",
  "lockfileVersion": 1,
  "requires": true,
  "dependencies": {
    "@hapi/hoek": {
      "version": "9.0.4",
      "resolved": "https://registry.npmjs.org/@hapi/hoek/-/hoek-9.0.4.tgz",
      "integrity": "sha512-EwaJS7RjoXUZ2cXXKZZxZqieGtc7RbvQhUy8FwDoMQtxWVi14tFjeFCYPZAM1mBCpOpiBpyaZbb9NeHc7eGKgw=="
    },
    "minimist": {
      "version": "1.2.5",
      "resolved": "https://registry.npmjs.org/minimist/-/minimist-1.2.5.tgz",
      "integrity": "sha512-FM9nNUYrRBAELZQT3xeZQ7fmMOBg6nWNmJKTcgsJeaLstP/UODVpGsr5OhXhhXg6f+qtJ8uiZ+PUxkDWcgIXLw=="
    }
  }
}
